
Microsoft Visual Studio Solution File, Format Version 12.00
# Visual Studio Version 16
VisualStudioVersion = 16.0.33927.289
MinimumVisualStudioVersion = 10.0.40219.1
Project("{FAE04EC0-301F-11D3-BF4B-00C04F79EFBC}") = "IMSProject", "IMSProject.csproj", "{2965B830-49A0-4C8E-9244-AB01136DF75B}"
EndProject
Global
	GlobalSection(SolutionConfigurationPlatforms) = preSolution
		Debug|Any CPU = Debug|Any CPU
		Release|Any CPU = Release|Any CPU
	EndGlobalSection
	GlobalSection(ProjectConfigurationPlatforms) = postSolution
		{2965B830-49A0-4C8E-9244-AB01136DF75B}.Debug|Any CPU.ActiveCfg = Debug|Any CPU
		{2965B830-49A0-4C8E-9244-AB01136DF75B}.Debug|Any CPU.Build.0 = Debug|Any CPU
		{2965B830-49A0-4C8E-9244-AB01136DF75B}.Release|Any CPU.ActiveCfg = Release|Any CPU
		{2965B830-49A0-4C8E-9244-AB01136DF75B}.Release|Any CPU.Build.0 = Release|Any CPU
	EndGlobalSection
	GlobalSection(SolutionProperties) = preSolution
		HideSolutionNode = FALSE
	EndGlobalSection
	GlobalSection(ExtensibilityGlobals) = postSolution
		SolutionGuid = {9F6AE83A-07B1-4511-A614-1807CBB3D30A}
	EndGlobalSection
EndGlobal
